// !$*UTF8*$!
{
	archiveVersion = 1;
	classes = {
	};
	objectVersion = 50;
	objects = {

/* Begin PBXBuildFile section */
		1817382E23C296CA004556C8 /* Person.swift in Sources */ = {isa = PBXBuildFile; fileRef = 1817382D23C296CA004556C8 /* Person.swift */; };
		1884EA2E23C750DB0028D07D /* YouTubeFunctions.swift in Sources */ = {isa = PBXBuildFile; fileRef = 1884EA2D23C750DB0028D07D /* YouTubeFunctions.swift */; };
		18D5FAB523D86A4500ED372E /* Channel.swift in Sources */ = {isa = PBXBuildFile; fileRef = 18D5FAB423D86A4500ED372E /* Channel.swift */; };
		18D5FAB723D86AAA00ED372E /* ChannelViewController.swift in Sources */ = {isa = PBXBuildFile; fileRef = 18D5FAB623D86AAA00ED372E /* ChannelViewController.swift */; };
		18D5FABA23D9103A00ED372E /* ImagePicker.swift in Sources */ = {isa = PBXBuildFile; fileRef = 18D5FAB923D9103A00ED372E /* ImagePicker.swift */; };
		18DF4FB223C682410062CFBD /* Video.swift in Sources */ = {isa = PBXBuildFile; fileRef = 18DF4FB123C682410062CFBD /* Video.swift */; };
		18EB288F23AF730900A8A037 /* AppDelegate.swift in Sources */ = {isa = PBXBuildFile; fileRef = 18EB288E23AF730900A8A037 /* AppDelegate.swift */; };
		18EB289123AF730900A8A037 /* SceneDelegate.swift in Sources */ = {isa = PBXBuildFile; fileRef = 18EB289023AF730900A8A037 /* SceneDelegate.swift */; };
		18EB289323AF730900A8A037 /* ViewController.swift in Sources */ = {isa = PBXBuildFile; fileRef = 18EB289223AF730900A8A037 /* ViewController.swift */; };
		18EB289623AF730900A8A037 /* Main.storyboard in Resources */ = {isa = PBXBuildFile; fileRef = 18EB289423AF730900A8A037 /* Main.storyboard */; };
		18EB289823AF730A00A8A037 /* Assets.xcassets in Resources */ = {isa = PBXBuildFile; fileRef = 18EB289723AF730A00A8A037 /* Assets.xcassets */; };
		18EB289B23AF730A00A8A037 /* LaunchScreen.storyboard in Resources */ = {isa = PBXBuildFile; fileRef = 18EB289923AF730A00A8A037 /* LaunchScreen.storyboard */; };
		18EB28A623AF730A00A8A037 /* TestAppTests.swift in Sources */ = {isa = PBXBuildFile; fileRef = 18EB28A523AF730A00A8A037 /* TestAppTests.swift */; };
		18EB28B123AF730A00A8A037 /* TestAppUITests.swift in Sources */ = {isa = PBXBuildFile; fileRef = 18EB28B023AF730A00A8A037 /* TestAppUITests.swift */; };
		18EB28C523B0129C00A8A037 /* SuggestedVideosCell.swift in Sources */ = {isa = PBXBuildFile; fileRef = 18EB28C423B0129C00A8A037 /* SuggestedVideosCell.swift */; };
		18EB28CA23B162F300A8A037 /* RegisterViewController.swift in Sources */ = {isa = PBXBuildFile; fileRef = 18EB28C923B162F300A8A037 /* RegisterViewController.swift */; };
		18EB28CC23B169E300A8A037 /* LoggedInViewController.swift in Sources */ = {isa = PBXBuildFile; fileRef = 18EB28CB23B169E300A8A037 /* LoggedInViewController.swift */; };
		18EB28D823B6552B00A8A037 /* HTTPFunctions.swift in Sources */ = {isa = PBXBuildFile; fileRef = 18EB28D723B6552B00A8A037 /* HTTPFunctions.swift */; };
		18EB28DA23B8CDAA00A8A037 /* AlertFunctions.swift in Sources */ = {isa = PBXBuildFile; fileRef = 18EB28D923B8CDAA00A8A037 /* AlertFunctions.swift */; };
/* End PBXBuildFile section */

/* Begin PBXContainerItemProxy section */
		18EB28A223AF730A00A8A037 /* PBXContainerItemProxy */ = {
			isa = PBXContainerItemProxy;
			containerPortal = 18EB288323AF730900A8A037 /* Project object */;
			proxyType = 1;
			remoteGlobalIDString = 18EB288A23AF730900A8A037;
			remoteInfo = TestApp;
		};
		18EB28AD23AF730A00A8A037 /* PBXContainerItemProxy */ = {
			isa = PBXContainerItemProxy;
			containerPortal = 18EB288323AF730900A8A037 /* Project object */;
			proxyType = 1;
			remoteGlobalIDString = 18EB288A23AF730900A8A037;
			remoteInfo = TestApp;
		};
/* End PBXContainerItemProxy section */

/* Begin PBXFileReference section */
		1817382D23C296CA004556C8 /* Person.swift */ = {isa = PBXFileReference; lastKnownFileType = sourcecode.swift; path = Person.swift; sourceTree = "<group>"; };
		1884EA2D23C750DB0028D07D /* YouTubeFunctions.swift */ = {isa = PBXFileReference; lastKnownFileType = sourcecode.swift; path = YouTubeFunctions.swift; sourceTree = "<group>"; };
		18D5FAB423D86A4500ED372E /* Channel.swift */ = {isa = PBXFileReference; lastKnownFileType = sourcecode.swift; path = Channel.swift; sourceTree = "<group>"; };
		18D5FAB623D86AAA00ED372E /* ChannelViewController.swift */ = {isa = PBXFileReference; lastKnownFileType = sourcecode.swift; path = ChannelViewController.swift; sourceTree = "<group>"; };
		18D5FAB923D9103A00ED372E /* ImagePicker.swift */ = {isa = PBXFileReference; lastKnownFileType = sourcecode.swift; path = ImagePicker.swift; sourceTree = "<group>"; };
		18DF4FB123C682410062CFBD /* Video.swift */ = {isa = PBXFileReference; lastKnownFileType = sourcecode.swift; path = Video.swift; sourceTree = "<group>"; };
		18EB288B23AF730900A8A037 /* TestApp.app */ = {isa = PBXFileReference; explicitFileType = wrapper.application; includeInIndex = 0; path = TestApp.app; sourceTree = BUILT_PRODUCTS_DIR; };
		18EB288E23AF730900A8A037 /* AppDelegate.swift */ = {isa = PBXFileReference; lastKnownFileType = sourcecode.swift; path = AppDelegate.swift; sourceTree = "<group>"; };
		18EB289023AF730900A8A037 /* SceneDelegate.swift */ = {isa = PBXFileReference; lastKnownFileType = sourcecode.swift; path = SceneDelegate.swift; sourceTree = "<group>"; };
		18EB289223AF730900A8A037 /* ViewController.swift */ = {isa = PBXFileReference; lastKnownFileType = sourcecode.swift; path = ViewController.swift; sourceTree = "<group>"; };
		18EB289523AF730900A8A037 /* Base */ = {isa = PBXFileReference; lastKnownFileType = file.storyboard; name = Base; path = Base.lproj/Main.storyboard; sourceTree = "<group>"; };
		18EB289723AF730A00A8A037 /* Assets.xcassets */ = {isa = PBXFileReference; lastKnownFileType = folder.assetcatalog; path = Assets.xcassets; sourceTree = "<group>"; };
		18EB289A23AF730A00A8A037 /* Base */ = {isa = PBXFileReference; lastKnownFileType = file.storyboard; name = Base; path = Base.lproj/LaunchScreen.storyboard; sourceTree = "<group>"; };
		18EB289C23AF730A00A8A037 /* Info.plist */ = {isa = PBXFileReference; lastKnownFileType = text.plist.xml; path = Info.plist; sourceTree = "<group>"; };
		18EB28A123AF730A00A8A037 /* TestAppTests.xctest */ = {isa = PBXFileReference; explicitFileType = wrapper.cfbundle; includeInIndex = 0; path = TestAppTests.xctest; sourceTree = BUILT_PRODUCTS_DIR; };
		18EB28A523AF730A00A8A037 /* TestAppTests.swift */ = {isa = PBXFileReference; lastKnownFileType = sourcecode.swift; path = TestAppTests.swift; sourceTree = "<group>"; };
		18EB28A723AF730A00A8A037 /* Info.plist */ = {isa = PBXFileReference; lastKnownFileType = text.plist.xml; path = Info.plist; sourceTree = "<group>"; };
		18EB28AC23AF730A00A8A037 /* TestAppUITests.xctest */ = {isa = PBXFileReference; explicitFileType = wrapper.cfbundle; includeInIndex = 0; path = TestAppUITests.xctest; sourceTree = BUILT_PRODUCTS_DIR; };
		18EB28B023AF730A00A8A037 /* TestAppUITests.swift */ = {isa = PBXFileReference; lastKnownFileType = sourcecode.swift; path = TestAppUITests.swift; sourceTree = "<group>"; };
		18EB28B223AF730A00A8A037 /* Info.plist */ = {isa = PBXFileReference; lastKnownFileType = text.plist.xml; path = Info.plist; sourceTree = "<group>"; };
		18EB28C423B0129C00A8A037 /* SuggestedVideosCell.swift */ = {isa = PBXFileReference; lastKnownFileType = sourcecode.swift; path = SuggestedVideosCell.swift; sourceTree = "<group>"; };
		18EB28C923B162F300A8A037 /* RegisterViewController.swift */ = {isa = PBXFileReference; lastKnownFileType = sourcecode.swift; path = RegisterViewController.swift; sourceTree = "<group>"; };
		18EB28CB23B169E300A8A037 /* LoggedInViewController.swift */ = {isa = PBXFileReference; lastKnownFileType = sourcecode.swift; path = LoggedInViewController.swift; sourceTree = "<group>"; };
		18EB28D723B6552B00A8A037 /* HTTPFunctions.swift */ = {isa = PBXFileReference; lastKnownFileType = sourcecode.swift; path = HTTPFunctions.swift; sourceTree = "<group>"; };
		18EB28D923B8CDAA00A8A037 /* AlertFunctions.swift */ = {isa = PBXFileReference; lastKnownFileType = sourcecode.swift; path = AlertFunctions.swift; sourceTree = "<group>"; };
/* End PBXFileReference section */

/* Begin PBXFrameworksBuildPhase section */
		18EB288823AF730900A8A037 /* Frameworks */ = {
			isa = PBXFrameworksBuildPhase;
			buildActionMask = 2147483647;
			files = (
			);
			runOnlyForDeploymentPostprocessing = 0;
		};
		18EB289E23AF730A00A8A037 /* Frameworks */ = {
			isa = PBXFrameworksBuildPhase;
			buildActionMask = 2147483647;
			files = (
			);
			runOnlyForDeploymentPostprocessing = 0;
		};
		18EB28A923AF730A00A8A037 /* Frameworks */ = {
			isa = PBXFrameworksBuildPhase;
			buildActionMask = 2147483647;
			files = (
			);
			runOnlyForDeploymentPostprocessing = 0;
		};
/* End PBXFrameworksBuildPhase section */

/* Begin PBXGroup section */
		18EB288223AF730900A8A037 = {
			isa = PBXGroup;
			children = (
				18EB288D23AF730900A8A037 /* TestApp */,
				18EB28A423AF730A00A8A037 /* TestAppTests */,
				18EB28AF23AF730A00A8A037 /* TestAppUITests */,
				18EB288C23AF730900A8A037 /* Products */,
			);
			sourceTree = "<group>";
		};
		18EB288C23AF730900A8A037 /* Products */ = {
			isa = PBXGroup;
			children = (
				18EB288B23AF730900A8A037 /* TestApp.app */,
				18EB28A123AF730A00A8A037 /* TestAppTests.xctest */,
				18EB28AC23AF730A00A8A037 /* TestAppUITests.xctest */,
			);
			name = Products;
			sourceTree = "<group>";
		};
		18EB288D23AF730900A8A037 /* TestApp */ = {
			isa = PBXGroup;
			children = (
				18EB288E23AF730900A8A037 /* AppDelegate.swift */,
				18EB289023AF730900A8A037 /* SceneDelegate.swift */,
				1884EA2D23C750DB0028D07D /* YouTubeFunctions.swift */,
				18EB28D723B6552B00A8A037 /* HTTPFunctions.swift */,
				18EB289223AF730900A8A037 /* ViewController.swift */,
				18EB28C923B162F300A8A037 /* RegisterViewController.swift */,
				18EB28CB23B169E300A8A037 /* LoggedInViewController.swift */,
				18D5FAB623D86AAA00ED372E /* ChannelViewController.swift */,
				18EB289423AF730900A8A037 /* Main.storyboard */,
				18D5FAB423D86A4500ED372E /* Channel.swift */,
				1817382D23C296CA004556C8 /* Person.swift */,
				18DF4FB123C682410062CFBD /* Video.swift */,
				18D5FAB923D9103A00ED372E /* ImagePicker.swift */,
				18EB28D923B8CDAA00A8A037 /* AlertFunctions.swift */,
				18EB28C423B0129C00A8A037 /* SuggestedVideosCell.swift */,
				18EB289723AF730A00A8A037 /* Assets.xcassets */,
				18EB289923AF730A00A8A037 /* LaunchScreen.storyboard */,
				18EB289C23AF730A00A8A037 /* Info.plist */,
			);
			path = TestApp;
			sourceTree = "<group>";
		};
		18EB28A423AF730A00A8A037 /* TestAppTests */ = {
			isa = PBXGroup;
			children = (
				18EB28A523AF730A00A8A037 /* TestAppTests.swift */,
				18EB28A723AF730A00A8A037 /* Info.plist */,
			);
			path = TestAppTests;
			sourceTree = "<group>";
		};
		18EB28AF23AF730A00A8A037 /* TestAppUITests */ = {
			isa = PBXGroup;
			children = (
				18EB28B023AF730A00A8A037 /* TestAppUITests.swift */,
				18EB28B223AF730A00A8A037 /* Info.plist */,
			);
			path = TestAppUITests;
			sourceTree = "<group>";
		};
/* End PBXGroup section */

/* Begin PBXNativeTarget section */
		18EB288A23AF730900A8A037 /* TestApp */ = {
			isa = PBXNativeTarget;
			buildConfigurationList = 18EB28B523AF730A00A8A037 /* Build configuration list for PBXNativeTarget "TestApp" */;
			buildPhases = (
				18EB288723AF730900A8A037 /* Sources */,
				18EB288823AF730900A8A037 /* Frameworks */,
				18EB288923AF730900A8A037 /* Resources */,
			);
			buildRules = (
			);
			dependencies = (
			);
			name = TestApp;
			productName = TestApp;
			productReference = 18EB288B23AF730900A8A037 /* TestApp.app */;
			productType = "com.apple.product-type.application";
		};
		18EB28A023AF730A00A8A037 /* TestAppTests */ = {
			isa = PBXNativeTarget;
			buildConfigurationList = 18EB28B823AF730A00A8A037 /* Build configuration list for PBXNativeTarget "TestAppTests" */;
			buildPhases = (
				18EB289D23AF730A00A8A037 /* Sources */,
				18EB289E23AF730A00A8A037 /* Frameworks */,
				18EB289F23AF730A00A8A037 /* Resources */,
			);
			buildRules = (
			);
			dependencies = (
				18EB28A323AF730A00A8A037 /* PBXTargetDependency */,
			);
			name = TestAppTests;
			productName = TestAppTests;
			productReference = 18EB28A123AF730A00A8A037 /* TestAppTests.xctest */;
			productType = "com.apple.product-type.bundle.unit-test";
		};
		18EB28AB23AF730A00A8A037 /* TestAppUITests */ = {
			isa = PBXNativeTarget;
			buildConfigurationList = 18EB28BB23AF730A00A8A037 /* Build configuration list for PBXNativeTarget "TestAppUITests" */;
			buildPhases = (
				18EB28A823AF730A00A8A037 /* Sources */,
				18EB28A923AF730A00A8A037 /* Frameworks */,
				18EB28AA23AF730A00A8A037 /* Resources */,
			);
			buildRules = (
			);
			dependencies = (
				18EB28AE23AF730A00A8A037 /* PBXTargetDependency */,
			);
			name = TestAppUITests;
			productName = TestAppUITests;
			productReference = 18EB28AC23AF730A00A8A037 /* TestAppUITests.xctest */;
			productType = "com.apple.product-type.bundle.ui-testing";
		};
/* End PBXNativeTarget section */

/* Begin PBXProject section */
		18EB288323AF730900A8A037 /* Project object */ = {
			isa = PBXProject;
			attributes = {
				LastSwiftUpdateCheck = 1100;
				LastUpgradeCheck = 1100;
				ORGANIZATIONNAME = "Sleiman Hasan";
				TargetAttributes = {
					18EB288A23AF730900A8A037 = {
						CreatedOnToolsVersion = 11.0;
					};
					18EB28A023AF730A00A8A037 = {
						CreatedOnToolsVersion = 11.0;
						TestTargetID = 18EB288A23AF730900A8A037;
					};
					18EB28AB23AF730A00A8A037 = {
						CreatedOnToolsVersion = 11.0;
						TestTargetID = 18EB288A23AF730900A8A037;
					};
				};
			};
			buildConfigurationList = 18EB288623AF730900A8A037 /* Build configuration list for PBXProject "TestApp" */;
			compatibilityVersion = "Xcode 9.3";
			developmentRegion = en;
			hasScannedForEncodings = 0;
			knownRegions = (
				en,
				Base,
			);
			mainGroup = 18EB288223AF730900A8A037;
			productRefGroup = 18EB288C23AF730900A8A037 /* Products */;
			projectDirPath = "";
			projectRoot = "";
			targets = (
				18EB288A23AF730900A8A037 /* TestApp */,
				18EB28A023AF730A00A8A037 /* TestAppTests */,
				18EB28AB23AF730A00A8A037 /* TestAppUITests */,
			);
		};
/* End PBXProject section */

/* Begin PBXResourcesBuildPhase section */
		18EB288923AF730900A8A037 /* Resources */ = {
			isa = PBXResourcesBuildPhase;
			buildActionMask = 2147483647;
			files = (
				18EB289B23AF730A00A8A037 /* LaunchScreen.storyboard in Resources */,
				18EB289823AF730A00A8A037 /* Assets.xcassets in Resources */,
				18EB289623AF730900A8A037 /* Main.storyboard in Resources */,
			);
			runOnlyForDeploymentPostprocessing = 0;
		};
		18EB289F23AF730A00A8A037 /* Resources */ = {
			isa = PBXResourcesBuildPhase;
			buildActionMask = 2147483647;
			files = (
			);
			runOnlyForDeploymentPostprocessing = 0;
		};
		18EB28AA23AF730A00A8A037 /* Resources */ = {
			isa = PBXResourcesBuildPhase;
			buildActionMask = 2147483647;
			files = (
			);
			runOnlyForDeploymentPostprocessing = 0;
		};
/* End PBXResourcesBuildPhase section */

/* Begin PBXSourcesBuildPhase section */
		18EB288723AF730900A8A037 /* Sources */ = {
			isa = PBXSourcesBuildPhase;
			buildActionMask = 2147483647;
			files = (
				1817382E23C296CA004556C8 /* Person.swift in Sources */,
				18EB28DA23B8CDAA00A8A037 /* AlertFunctions.swift in Sources */,
				18EB28C523B0129C00A8A037 /* SuggestedVideosCell.swift in Sources */,
				18D5FABA23D9103A00ED372E /* ImagePicker.swift in Sources */,
				18D5FAB523D86A4500ED372E /* Channel.swift in Sources */,
				1884EA2E23C750DB0028D07D /* YouTubeFunctions.swift in Sources */,
				18EB289323AF730900A8A037 /* ViewController.swift in Sources */,
				18EB28CA23B162F300A8A037 /* RegisterViewController.swift in Sources */,
				18EB288F23AF730900A8A037 /* AppDelegate.swift in Sources */,
				18EB289123AF730900A8A037 /* SceneDelegate.swift in Sources */,
				18DF4FB223C682410062CFBD /* Video.swift in Sources */,
				18EB28D823B6552B00A8A037 /* HTTPFunctions.swift in Sources */,
				18D5FAB723D86AAA00ED372E /* ChannelViewController.swift in Sources */,
				18EB28CC23B169E300A8A037 /* LoggedInViewController.swift in Sources */,
			);
			runOnlyForDeploymentPostprocessing = 0;
		};
		18EB289D23AF730A00A8A037 /* Sources */ = {
			isa = PBXSourcesBuildPhase;
			buildActionMask = 2147483647;
			files = (
				18EB28A623AF730A00A8A037 /* TestAppTests.swift in Sources */,
			);
			runOnlyForDeploymentPostprocessing = 0;
		};
		18EB28A823AF730A00A8A037 /* Sources */ = {
			isa = PBXSourcesBuildPhase;
			buildActionMask = 2147483647;
			files = (
				18EB28B123AF730A00A8A037 /* TestAppUITests.swift in Sources */,
			);
			runOnlyForDeploymentPostprocessing = 0;
		};
/* End PBXSourcesBuildPhase section */

/* Begin PBXTargetDependency section */
		18EB28A323AF730A00A8A037 /* PBXTargetDependency */ = {
			isa = PBXTargetDependency;
			target = 18EB288A23AF730900A8A037 /* TestApp */;
			targetProxy = 18EB28A223AF730A00A8A037 /* PBXContainerItemProxy */;
		};
		18EB28AE23AF730A00A8A037 /* PBXTargetDependency */ = {
			isa = PBXTargetDependency;
			target = 18EB288A23AF730900A8A037 /* TestApp */;
			targetProxy = 18EB28AD23AF730A00A8A037 /* PBXContainerItemProxy */;
		};
/* End PBXTargetDependency section */

/* Begin PBXVariantGroup section */
		18EB289423AF730900A8A037 /* Main.storyboard */ = {
			isa = PBXVariantGroup;
			children = (
				18EB289523AF730900A8A037 /* Base */,
			);
			name = Main.storyboard;
			sourceTree = "<group>";
		};
		18EB289923AF730A00A8A037 /* LaunchScreen.storyboard */ = {
			isa = PBXVariantGroup;
			children = (
				18EB289A23AF730A00A8A037 /* Base */,
			);
			name = LaunchScreen.storyboard;
			sourceTree = "<group>";
		};
/* End PBXVariantGroup section */

/* Begin XCBuildConfiguration section */
		18EB28B323AF730A00A8A037 /* Debug */ = {
			isa = XCBuildConfiguration;
			buildSettings = {
				ALWAYS_SEARCH_USER_PATHS = NO;
				CLANG_ANALYZER_NONNULL = YES;
				CLANG_ANALYZER_NUMBER_OBJECT_CONVERSION = YES_AGGRESSIVE;
				CLANG_CXX_LANGUAGE_STANDARD = "gnu++14";
				CLANG_CXX_LIBRARY = "libc++";
				CLANG_ENABLE_MODULES = YES;
				CLANG_ENABLE_OBJC_ARC = YES;
				CLANG_ENABLE_OBJC_WEAK = YES;
				CLANG_WARN_BLOCK_CAPTURE_AUTORELEASING = YES;
				CLANG_WARN_BOOL_CONVERSION = YES;
				CLANG_WARN_COMMA = YES;
				CLANG_WARN_CONSTANT_CONVERSION = YES;
				CLANG_WARN_DEPRECATED_OBJC_IMPLEMENTATIONS = YES;
				CLANG_WARN_DIRECT_OBJC_ISA_USAGE = YES_ERROR;
				CLANG_WARN_DOCUMENTATION_COMMENTS = YES;
				CLANG_WARN_EMPTY_BODY = YES;
				CLANG_WARN_ENUM_CONVERSION = YES;
				CLANG_WARN_INFINITE_RECURSION = YES;
				CLANG_WARN_INT_CONVERSION = YES;
				CLANG_WARN_NON_LITERAL_NULL_CONVERSION = YES;
				CLANG_WARN_OBJC_IMPLICIT_RETAIN_SELF = YES;
				CLANG_WARN_OBJC_LITERAL_CONVERSION = YES;
				CLANG_WARN_OBJC_ROOT_CLASS = YES_ERROR;
				CLANG_WARN_RANGE_LOOP_ANALYSIS = YES;
				CLANG_WARN_STRICT_PROTOTYPES = YES;
				CLANG_WARN_SUSPICIOUS_MOVE = YES;
				CLANG_WARN_UNGUARDED_AVAILABILITY = YES_AGGRESSIVE;
				CLANG_WARN_UNREACHABLE_CODE = YES;
				CLANG_WARN__DUPLICATE_METHOD_MATCH = YES;
				COPY_PHASE_STRIP = NO;
				DEBUG_INFORMATION_FORMAT = dwarf;
				ENABLE_STRICT_OBJC_MSGSEND = YES;
				ENABLE_TESTABILITY = YES;
				GCC_C_LANGUAGE_STANDARD = gnu11;
				GCC_DYNAMIC_NO_PIC = NO;
				GCC_NO_COMMON_BLOCKS = YES;
				GCC_OPTIMIZATION_LEVEL = 0;
				GCC_PREPROCESSOR_DEFINITIONS = (
					"DEBUG=1",
					"$(inherited)",
				);
				GCC_WARN_64_TO_32_BIT_CONVERSION = YES;
				GCC_WARN_ABOUT_RETURN_TYPE = YES_ERROR;
				GCC_WARN_UNDECLARED_SELECTOR = YES;
				GCC_WARN_UNINITIALIZED_AUTOS = YES_AGGRESSIVE;
				GCC_WARN_UNUSED_FUNCTION = YES;
				GCC_WARN_UNUSED_VARIABLE = YES;
				IPHONEOS_DEPLOYMENT_TARGET = 13.0;
				MTL_ENABLE_DEBUG_INFO = INCLUDE_SOURCE;
				MTL_FAST_MATH = YES;
				ONLY_ACTIVE_ARCH = YES;
				SDKROOT = iphoneos;
				SWIFT_ACTIVE_COMPILATION_CONDITIONS = DEBUG;
				SWIFT_OPTIMIZATION_LEVEL = "-Onone";
			};
			name = Debug;
		};
		18EB28B423AF730A00A8A037 /* Release */ = {
			isa = XCBuildConfiguration;
			buildSettings = {
				ALWAYS_SEARCH_USER_PATHS = NO;
				CLANG_ANALYZER_NONNULL = YES;
				CLANG_ANALYZER_NUMBER_OBJECT_CONVERSION = YES_AGGRESSIVE;
				CLANG_CXX_LANGUAGE_STANDARD = "gnu++14";
				CLANG_CXX_LIBRARY = "libc++";
				CLANG_ENABLE_MODULES = YES;
				CLANG_ENABLE_OBJC_ARC = YES;
				CLANG_ENABLE_OBJC_WEAK = YES;
				CLANG_WARN_BLOCK_CAPTURE_AUTORELEASING = YES;
				CLANG_WARN_BOOL_CONVERSION = YES;
				CLANG_WARN_COMMA = YES;
				CLANG_WARN_CONSTANT_CONVERSION = YES;
				CLANG_WARN_DEPRECATED_OBJC_IMPLEMENTATIONS = YES;
				CLANG_WARN_DIRECT_OBJC_ISA_USAGE = YES_ERROR;
				CLANG_WARN_DOCUMENTATION_COMMENTS = YES;
				CLANG_WARN_EMPTY_BODY = YES;
				CLANG_WARN_ENUM_CONVERSION = YES;
				CLANG_WARN_INFINITE_RECURSION = YES;
				CLANG_WARN_INT_CONVERSION = YES;
				CLANG_WARN_NON_LITERAL_NULL_CONVERSION = YES;
				CLANG_WARN_OBJC_IMPLICIT_RETAIN_SELF = YES;
				CLANG_WARN_OBJC_LITERAL_CONVERSION = YES;
				CLANG_WARN_OBJC_ROOT_CLASS = YES_ERROR;
				CLANG_WARN_RANGE_LOOP_ANALYSIS = YES;
				CLANG_WARN_STRICT_PROTOTYPES = YES;
				CLANG_WARN_SUSPICIOUS_MOVE = YES;
				CLANG_WARN_UNGUARDED_AVAILABILITY = YES_AGGRESSIVE;
				CLANG_WARN_UNREACHABLE_CODE = YES;
				CLANG_WARN__DUPLICATE_METHOD_MATCH = YES;
				COPY_PHASE_STRIP = NO;
				DEBUG_INFORMATION_FORMAT = "dwarf-with-dsym";
				ENABLE_NS_ASSERTIONS = NO;
				ENABLE_STRICT_OBJC_MSGSEND = YES;
				GCC_C_LANGUAGE_STANDARD = gnu11;
				GCC_NO_COMMON_BLOCKS = YES;
				GCC_WARN_64_TO_32_BIT_CONVERSION = YES;
				GCC_WARN_ABOUT_RETURN_TYPE = YES_ERROR;
				GCC_WARN_UNDECLARED_SELECTOR = YES;
				GCC_WARN_UNINITIALIZED_AUTOS = YES_AGGRESSIVE;
				GCC_WARN_UNUSED_FUNCTION = YES;
				GCC_WARN_UNUSED_VARIABLE = YES;
				IPHONEOS_DEPLOYMENT_TARGET = 13.0;
				MTL_ENABLE_DEBUG_INFO = NO;
				MTL_FAST_MATH = YES;
				SDKROOT = iphoneos;
				SWIFT_COMPILATION_MODE = wholemodule;
				SWIFT_OPTIMIZATION_LEVEL = "-O";
				VALIDATE_PRODUCT = YES;
			};
			name = Release;
		};
		18EB28B623AF730A00A8A037 /* Debug */ = {
			isa = XCBuildConfiguration;
			buildSettings = {
				ASSETCATALOG_COMPILER_APPICON_NAME = AppIcon;
				CODE_SIGN_STYLE = Automatic;
				DEVELOPMENT_TEAM = VU6TD5KH7K;
				INFOPLIST_FILE = TestApp/Info.plist;
				LD_RUNPATH_SEARCH_PATHS = (
					"$(inherited)",
					"@executable_path/Frameworks",
				);
				PRODUCT_BUNDLE_IDENTIFIER = test.TestApp;
				PRODUCT_NAME = "$(TARGET_NAME)";
				SWIFT_VERSION = 5.0;
				TARGETED_DEVICE_FAMILY = "1,2";
			};
			name = Debug;
		};
		18EB28B723AF730A00A8A037 /* Release */ = {
			isa = XCBuildConfiguration;
			buildSettings = {
				ASSETCATALOG_COMPILER_APPICON_NAME = AppIcon;
				CODE_SIGN_STYLE = Automatic;
				DEVELOPMENT_TEAM = VU6TD5KH7K;
				INFOPLIST_FILE = TestApp/Info.plist;
				LD_RUNPATH_SEARCH_PATHS = (
					"$(inherited)",
					"@executable_path/Frameworks",
				);
				PRODUCT_BUNDLE_IDENTIFIER = test.TestApp;
				PRODUCT_NAME = "$(TARGET_NAME)";
				SWIFT_VERSION = 5.0;
				TARGETED_DEVICE_FAMILY = "1,2";
			};
			name = Release;
		};
		18EB28B923AF730A00A8A037 /* Debug */ = {
			isa = XCBuildConfiguration;
			buildSettings = {
				ALWAYS_EMBED_SWIFT_STANDARD_LIBRARIES = YES;
				BUNDLE_LOADER = "$(TEST_HOST)";
				CODE_SIGN_STYLE = Automatic;
				DEVELOPMENT_TEAM = VU6TD5KH7K;
				INFOPLIST_FILE = TestAppTests/Info.plist;
				IPHONEOS_DEPLOYMENT_TARGET = 13.0;
				LD_RUNPATH_SEARCH_PATHS = (
					"$(inherited)",
					"@executable_path/Frameworks",
					"@loader_path/Frameworks",
				);
				PRODUCT_BUNDLE_IDENTIFIER = test.TestAppTests;
				PRODUCT_NAME = "$(TARGET_NAME)";
				SWIFT_VERSION = 5.0;
				TARGETED_DEVICE_FAMILY = "1,2";
				TEST_HOST = "$(BUILT_PRODUCTS_DIR)/TestApp.app/TestApp";
			};
			name = Debug;
		};
		18EB28BA23AF730A00A8A037 /* Release */ = {
			isa = XCBuildConfiguration;
			buildSettings = {
				ALWAYS_EMBED_SWIFT_STANDARD_LIBRARIES = YES;
				BUNDLE_LOADER = "$(TEST_HOST)";
				CODE_SIGN_STYLE = Automatic;
				DEVELOPMENT_TEAM = VU6TD5KH7K;
				INFOPLIST_FILE = TestAppTests/Info.plist;
				IPHONEOS_DEPLOYMENT_TARGET = 13.0;
				LD_RUNPATH_SEARCH_PATHS = (
					"$(inherited)",
					"@executable_path/Frameworks",
					"@loader_path/Frameworks",
				);
				PRODUCT_BUNDLE_IDENTIFIER = test.TestAppTests;
				PRODUCT_NAME = "$(TARGET_NAME)";
				SWIFT_VERSION = 5.0;
				TARGETED_DEVICE_FAMILY = "1,2";
				TEST_HOST = "$(BUILT_PRODUCTS_DIR)/TestApp.app/TestApp";
			};
			name = Release;
		};
		18EB28BC23AF730A00A8A037 /* Debug */ = {
			isa = XCBuildConfiguration;
			buildSettings = {
				ALWAYS_EMBED_SWIFT_STANDARD_LIBRARIES = YES;
				CODE_SIGN_STYLE = Automatic;
				DEVELOPMENT_TEAM = VU6TD5KH7K;
				INFOPLIST_FILE = TestAppUITests/Info.plist;
				LD_RUNPATH_SEARCH_PATHS = (
					"$(inherited)",
					"@executable_path/Frameworks",
					"@loader_path/Frameworks",
				);
				PRODUCT_BUNDLE_IDENTIFIER = test.TestAppUITests;
				PRODUCT_NAME = "$(TARGET_NAME)";
				SWIFT_VERSION = 5.0;
				TARGETED_DEVICE_FAMILY = "1,2";
				TEST_TARGET_NAME = TestApp;
			};
			name = Debug;
		};
		18EB28BD23AF730A00A8A037 /* Release */ = {
			isa = XCBuildConfiguration;
			buildSettings = {
				ALWAYS_EMBED_SWIFT_STANDARD_LIBRARIES = YES;
				CODE_SIGN_STYLE = Automatic;
				DEVELOPMENT_TEAM = VU6TD5KH7K;
				INFOPLIST_FILE = TestAppUITests/Info.plist;
				LD_RUNPATH_SEARCH_PATHS = (
					"$(inherited)",
					"@executable_path/Frameworks",
					"@loader_path/Frameworks",
				);
				PRODUCT_BUNDLE_IDENTIFIER = test.TestAppUITests;
				PRODUCT_NAME = "$(TARGET_NAME)";
				SWIFT_VERSION = 5.0;
				TARGETED_DEVICE_FAMILY = "1,2";
				TEST_TARGET_NAME = TestApp;
			};
			name = Release;
		};
/* End XCBuildConfiguration section */

/* Begin XCConfigurationList section */
		18EB288623AF730900A8A037 /* Build configuration list for PBXProject "TestApp" */ = {
			isa = XCConfigurationList;
			buildConfigurations = (
				18EB28B323AF730A00A8A037 /* Debug */,
				18EB28B423AF730A00A8A037 /* Release */,
			);
			defaultConfigurationIsVisible = 0;
			defaultConfigurationName = Release;
		};
		18EB28B523AF730A00A8A037 /* Build configuration list for PBXNativeTarget "TestApp" */ = {
			isa = XCConfigurationList;
			buildConfigurations = (
				18EB28B623AF730A00A8A037 /* Debug */,
				18EB28B723AF730A00A8A037 /* Release */,
			);
			defaultConfigurationIsVisible = 0;
			defaultConfigurationName = Release;
		};
		18EB28B823AF730A00A8A037 /* Build configuration list for PBXNativeTarget "TestAppTests" */ = {
			isa = XCConfigurationList;
			buildConfigurations = (
				18EB28B923AF730A00A8A037 /* Debug */,
				18EB28BA23AF730A00A8A037 /* Release */,
			);
			defaultConfigurationIsVisible = 0;
			defaultConfigurationName = Release;
		};
		18EB28BB23AF730A00A8A037 /* Build configuration list for PBXNativeTarget "TestAppUITests" */ = {
			isa = XCConfigurationList;
			buildConfigurations = (
				18EB28BC23AF730A00A8A037 /* Debug */,
				18EB28BD23AF730A00A8A037 /* Release */,
			);
			defaultConfigurationIsVisible = 0;
			defaultConfigurationName = Release;
		};
/* End XCConfigurationList section */
	};
	rootObject = 18EB288323AF730900A8A037 /* Project object */;
}
